
Microsoft Visual Studio Solution File, Format Version 12.00
# Visual Studio Version 17
VisualStudioVersion = 17.1.32328.378
MinimumVisualStudioVersion = 10.0.40219.1
Project("{FAE04EC0-301F-11D3-BF4B-00C04F79EFBC}") = "TesteSysMap", "TesteSysMap\TesteSysMap.csproj", "{0089C758-52B0-4672-9BEB-6A3B7FFC6410}"
EndProject
Global
	GlobalSection(SolutionConfigurationPlatforms) = preSolution
		Debug|Any CPU = Debug|Any CPU
		Release|Any CPU = Release|Any CPU
	EndGlobalSection
	GlobalSection(ProjectConfigurationPlatforms) = postSolution
		{0089C758-52B0-4672-9BEB-6A3B7FFC6410}.Debug|Any CPU.ActiveCfg = Debug|Any CPU
		{0089C758-52B0-4672-9BEB-6A3B7FFC6410}.Debug|Any CPU.Build.0 = Debug|Any CPU
		{0089C758-52B0-4672-9BEB-6A3B7FFC6410}.Release|Any CPU.ActiveCfg = Release|Any CPU
		{0089C758-52B0-4672-9BEB-6A3B7FFC6410}.Release|Any CPU.Build.0 = Release|Any CPU
	EndGlobalSection
	GlobalSection(SolutionProperties) = preSolution
		HideSolutionNode = FALSE
	EndGlobalSection
	GlobalSection(ExtensibilityGlobals) = postSolution
		SolutionGuid = {E39A7C01-5106-40F0-A397-5371292EEA01}
	EndGlobalSection
EndGlobal
